// !$*UTF8*$!
{
	archiveVersion = 1;
	classes = {
	};
	objectVersion = 77;
	objects = {

/* Begin PBXContainerItemProxy section */
		4F9D93142E14661700829250 /* PBXContainerItemProxy */ = {
			isa = PBXContainerItemProxy;
			containerPortal = 4F9D92FE2E14661600829250 /* Project object */;
			proxyType = 1;
			remoteGlobalIDString = 4F9D93052E14661600829250;
			remoteInfo = "Beyhive Alert 2";
		};
		4F9D931E2E14661700829250 /* PBXContainerItemProxy */ = {
			isa = PBXContainerItemProxy;
			containerPortal = 4F9D92FE2E14661600829250 /* Project object */;
			proxyType = 1;
			remoteGlobalIDString = 4F9D93052E14661600829250;
			remoteInfo = "Beyhive Alert 2";
		};
/* End PBXContainerItemProxy section */

/* Begin PBXFileReference section */
		4F9D93062E14661600829250 /* Beyhive Alert 2.app */ = {isa = PBXFileReference; explicitFileType = wrapper.application; includeInIndex = 0; path = "Beyhive Alert 2.app"; sourceTree = BUILT_PRODUCTS_DIR; };
		4F9D93132E14661700829250 /* Beyhive Alert 2Tests.xctest */ = {isa = PBXFileReference; explicitFileType = wrapper.cfbundle; includeInIndex = 0; path = "Beyhive Alert 2Tests.xctest"; sourceTree = BUILT_PRODUCTS_DIR; };
		4F9D931D2E14661700829250 /* Beyhive Alert 2UITests.xctest */ = {isa = PBXFileReference; explicitFileType = wrapper.cfbundle; includeInIndex = 0; path = "Beyhive Alert 2UITests.xctest"; sourceTree = BUILT_PRODUCTS_DIR; };
/* End PBXFileReference section */

/* Begin PBXFileSystemSynchronizedBuildFileExceptionSet section */
		4F19910F2E2721AC000DE7A3 /* Exceptions for "Beyhive Alert 2" folder in "Beyhive Alert 2" target */ = {
			isa = PBXFileSystemSynchronizedBuildFileExceptionSet;
			membershipExceptions = (
				AlbumRankingGameView.swift,
				AppDelegate.swift,
				Assets.xcassets,
				Beyhive_Alert_2App.swift,
				ContentView.swift,
				DailyTriviaView.swift,
				Events/Event.swift,
				Events/EventsListView.swift,
				Events/EventsViewModel.swift,
				InstagramFeedView.swift,
				LivestreamsView.swift,
				OutfitsView.swift,
				OutfitsViewModel.swift,
			);
			target = 4F9D93052E14661600829250 /* Beyhive Alert 2 */;
		};
		4F1991102E2721AC000DE7A3 /* Exceptions for "Beyhive Alert 2" folder in "Beyhive Alert 2Tests" target */ = {
			isa = PBXFileSystemSynchronizedBuildFileExceptionSet;
			membershipExceptions = (
				ContentView.swift,
				DailyTriviaView.swift,
				LivestreamsView.swift,
			);
			target = 4F9D93122E14661700829250 /* Beyhive Alert 2Tests */;
		};
		4F1991132E272661000DE7A3 /* Exceptions for "Beyhive Alert 2" folder in "Beyhive Alert 2UITests" target */ = {
			isa = PBXFileSystemSynchronizedBuildFileExceptionSet;
			membershipExceptions = (
				AlbumRankingGameView.swift,
				AppDelegate.swift,
				Assets.xcassets,
				Beyhive_Alert_2App.swift,
				ContentView.swift,
				DailyTriviaView.swift,
				Events/Event.swift,
				Events/EventsListView.swift,
				Events/EventsViewModel.swift,
				InstagramFeedView.swift,
				LivestreamsView.swift,
				OutfitsView.swift,
				OutfitsViewModel.swift,
			);
			target = 4F9D931C2E14661700829250 /* Beyhive Alert 2UITests */;
		};
/* End PBXFileSystemSynchronizedBuildFileExceptionSet section */

/* Begin PBXFileSystemSynchronizedRootGroup section */
		4F2DAC7F2E14781E00CAA57C /* Beyhive Alert 2 */ = {
			isa = PBXFileSystemSynchronizedRootGroup;
			exceptions = (
				4F19910F2E2721AC000DE7A3 /* Exceptions for "Beyhive Alert 2" folder in "Beyhive Alert 2" target */,
				4F1991102E2721AC000DE7A3 /* Exceptions for "Beyhive Alert 2" folder in "Beyhive Alert 2Tests" target */,
				4F1991132E272661000DE7A3 /* Exceptions for "Beyhive Alert 2" folder in "Beyhive Alert 2UITests" target */,
			);
			path = "Beyhive Alert 2";
			sourceTree = "<group>";
		};
		4F9D93162E14661700829250 /* Beyhive Alert 2Tests */ = {
			isa = PBXFileSystemSynchronizedRootGroup;
			path = "Beyhive Alert 2Tests";
			sourceTree = "<group>";
		};
		4F9D93202E14661700829250 /* Beyhive Alert 2UITests */ = {
			isa = PBXFileSystemSynchronizedRootGroup;
			path = "Beyhive Alert 2UITests";
			sourceTree = "<group>";
		};
/* End PBXFileSystemSynchronizedRootGroup section */

/* Begin PBXFrameworksBuildPhase section */
		4F9D93032E14661600829250 /* Frameworks */ = {
			isa = PBXFrameworksBuildPhase;
			buildActionMask = 2147483647;
			files = (
			);
			runOnlyForDeploymentPostprocessing = 0;
		};
		4F9D93102E14661700829250 /* Frameworks */ = {
			isa = PBXFrameworksBuildPhase;
			buildActionMask = 2147483647;
			files = (
			);
			runOnlyForDeploymentPostprocessing = 0;
		};
		4F9D931A2E14661700829250 /* Frameworks */ = {
			isa = PBXFrameworksBuildPhase;
			buildActionMask = 2147483647;
			files = (
			);
			runOnlyForDeploymentPostprocessing = 0;
		};
/* End PBXFrameworksBuildPhase section */

/* Begin PBXGroup section */
		4F9D92FD2E14661600829250 = {
			isa = PBXGroup;
			children = (
				4F2DAC7F2E14781E00CAA57C /* Beyhive Alert 2 */,
				4F9D93162E14661700829250 /* Beyhive Alert 2Tests */,
				4F9D93202E14661700829250 /* Beyhive Alert 2UITests */,
				4F9D93072E14661600829250 /* Products */,
			);
			sourceTree = "<group>";
		};
		4F9D93072E14661600829250 /* Products */ = {
			isa = PBXGroup;
			children = (
				4F9D93062E14661600829250 /* Beyhive Alert 2.app */,
				4F9D93132E14661700829250 /* Beyhive Alert 2Tests.xctest */,
				4F9D931D2E14661700829250 /* Beyhive Alert 2UITests.xctest */,
			);
			name = Products;
			sourceTree = "<group>";
		};
/* End PBXGroup section */

/* Begin PBXNativeTarget section */
		4F9D93052E14661600829250 /* Beyhive Alert 2 */ = {
			isa = PBXNativeTarget;
			buildConfigurationList = 4F9D93272E14661700829250 /* Build configuration list for PBXNativeTarget "Beyhive Alert 2" */;
			buildPhases = (
				4F9D93022E14661600829250 /* Sources */,
				4F9D93032E14661600829250 /* Frameworks */,
				4F9D93042E14661600829250 /* Resources */,
			);
			buildRules = (
			);
			dependencies = (
			);
			name = "Beyhive Alert 2";
			productName = "Beyhive Alert 2";
			productReference = 4F9D93062E14661600829250 /* Beyhive Alert 2.app */;
			productType = "com.apple.product-type.application";
		};
		4F9D93122E14661700829250 /* Beyhive Alert 2Tests */ = {
			isa = PBXNativeTarget;
			buildConfigurationList = 4F9D932A2E14661700829250 /* Build configuration list for PBXNativeTarget "Beyhive Alert 2Tests" */;
			buildPhases = (
				4F9D930F2E14661700829250 /* Sources */,
				4F9D93102E14661700829250 /* Frameworks */,
				4F9D93112E14661700829250 /* Resources */,
			);
			buildRules = (
			);
			dependencies = (
				4F9D93152E14661700829250 /* PBXTargetDependency */,
			);
			fileSystemSynchronizedGroups = (
				4F9D93162E14661700829250 /* Beyhive Alert 2Tests */,
			);
			name = "Beyhive Alert 2Tests";
			productName = "Beyhive Alert 2Tests";
			productReference = 4F9D93132E14661700829250 /* Beyhive Alert 2Tests.xctest */;
			productType = "com.apple.product-type.bundle.unit-test";
		};
		4F9D931C2E14661700829250 /* Beyhive Alert 2UITests */ = {
			isa = PBXNativeTarget;
			buildConfigurationList = 4F9D932D2E14661700829250 /* Build configuration list for PBXNativeTarget "Beyhive Alert 2UITests" */;
			buildPhases = (
				4F9D93192E14661700829250 /* Sources */,
				4F9D931A2E14661700829250 /* Frameworks */,
				4F9D931B2E14661700829250 /* Resources */,
			);
			buildRules = (
			);
			dependencies = (
				4F9D931F2E14661700829250 /* PBXTargetDependency */,
			);
			fileSystemSynchronizedGroups = (
				4F2DAC7F2E14781E00CAA57C /* Beyhive Alert 2 */,
				4F9D93202E14661700829250 /* Beyhive Alert 2UITests */,
			);
			name = "Beyhive Alert 2UITests";
			productName = "Beyhive Alert 2UITests";
			productReference = 4F9D931D2E14661700829250 /* Beyhive Alert 2UITests.xctest */;
			productType = "com.apple.product-type.bundle.ui-testing";
		};
/* End PBXNativeTarget section */

/* Begin PBXProject section */
		4F9D92FE2E14661600829250 /* Project object */ = {
			isa = PBXProject;
			attributes = {
				BuildIndependentTargetsInParallel = 1;
				LastSwiftUpdateCheck = 1640;
				LastUpgradeCheck = 1640;
				TargetAttributes = {
					4F9D93052E14661600829250 = {
						CreatedOnToolsVersion = 16.4;
					};
					4F9D93122E14661700829250 = {
						CreatedOnToolsVersion = 16.4;
						TestTargetID = 4F9D93052E14661600829250;
					};
					4F9D931C2E14661700829250 = {
						CreatedOnToolsVersion = 16.4;
						TestTargetID = 4F9D93052E14661600829250;
					};
				};
			};
			buildConfigurationList = 4F9D93012E14661600829250 /* Build configuration list for PBXProject "Beyhive Alert 2" */;
			developmentRegion = en;
			hasScannedForEncodings = 0;
			knownRegions = (
				en,
				Base,
			);
			mainGroup = 4F9D92FD2E14661600829250;
			minimizedProjectReferenceProxies = 1;
			preferredProjectObjectVersion = 77;
			productRefGroup = 4F9D93072E14661600829250 /* Products */;
			projectDirPath = "";
			projectRoot = "";
			targets = (
				4F9D93052E14661600829250 /* Beyhive Alert 2 */,
				4F9D93122E14661700829250 /* Beyhive Alert 2Tests */,
				4F9D931C2E14661700829250 /* Beyhive Alert 2UITests */,
			);
		};
/* End PBXProject section */

/* Begin PBXResourcesBuildPhase section */
		4F9D93042E14661600829250 /* Resources */ = {
			isa = PBXResourcesBuildPhase;
			buildActionMask = 2147483647;
			files = (
			);
			runOnlyForDeploymentPostprocessing = 0;
		};
		4F9D93112E14661700829250 /* Resources */ = {
			isa = PBXResourcesBuildPhase;
			buildActionMask = 2147483647;
			files = (
			);
			runOnlyForDeploymentPostprocessing = 0;
		};
		4F9D931B2E14661700829250 /* Resources */ = {
			isa = PBXResourcesBuildPhase;
			buildActionMask = 2147483647;
			files = (
			);
			runOnlyForDeploymentPostprocessing = 0;
		};
/* End PBXResourcesBuildPhase section */

/* Begin PBXSourcesBuildPhase section */
		4F9D93022E14661600829250 /* Sources */ = {
			isa = PBXSourcesBuildPhase;
			buildActionMask = 2147483647;
			files = (
			);
			runOnlyForDeploymentPostprocessing = 0;
		};
		4F9D930F2E14661700829250 /* Sources */ = {
			isa = PBXSourcesBuildPhase;
			buildActionMask = 2147483647;
			files = (
			);
			runOnlyForDeploymentPostprocessing = 0;
		};
		4F9D93192E14661700829250 /* Sources */ = {
			isa = PBXSourcesBuildPhase;
			buildActionMask = 2147483647;
			files = (
			);
			runOnlyForDeploymentPostprocessing = 0;
		};
/* End PBXSourcesBuildPhase section */

/* Begin PBXTargetDependency section */
		4F9D93152E14661700829250 /* PBXTargetDependency */ = {
			isa = PBXTargetDependency;
			target = 4F9D93052E14661600829250 /* Beyhive Alert 2 */;
			targetProxy = 4F9D93142E14661700829250 /* PBXContainerItemProxy */;
		};
		4F9D931F2E14661700829250 /* PBXTargetDependency */ = {
			isa = PBXTargetDependency;
			target = 4F9D93052E14661600829250 /* Beyhive Alert 2 */;
			targetProxy = 4F9D931E2E14661700829250 /* PBXContainerItemProxy */;
		};
/* End PBXTargetDependency section */

/* Begin XCBuildConfiguration section */
		4F9D93252E14661700829250 /* Debug */ = {
			isa = XCBuildConfiguration;
			buildSettings = {
				ALWAYS_SEARCH_USER_PATHS = NO;
				ASSETCATALOG_COMPILER_GENERATE_SWIFT_ASSET_SYMBOL_EXTENSIONS = YES;
				CLANG_ANALYZER_NONNULL = YES;
				CLANG_ANALYZER_NUMBER_OBJECT_CONVERSION = YES_AGGRESSIVE;
				CLANG_CXX_LANGUAGE_STANDARD = "gnu++20";
				CLANG_ENABLE_MODULES = YES;
				CLANG_ENABLE_OBJC_ARC = YES;
				CLANG_ENABLE_OBJC_WEAK = YES;
				CLANG_WARN_BLOCK_CAPTURE_AUTORELEASING = YES;
				CLANG_WARN_BOOL_CONVERSION = YES;
				CLANG_WARN_COMMA = YES;
				CLANG_WARN_CONSTANT_CONVERSION = YES;
				CLANG_WARN_DEPRECATED_OBJC_IMPLEMENTATIONS = YES;
				CLANG_WARN_DIRECT_OBJC_ISA_USAGE = YES_ERROR;
				CLANG_WARN_DOCUMENTATION_COMMENTS = YES;
				CLANG_WARN_EMPTY_BODY = YES;
				CLANG_WARN_ENUM_CONVERSION = YES;
				CLANG_WARN_INFINITE_RECURSION = YES;
				CLANG_WARN_INT_CONVERSION = YES;
				CLANG_WARN_NON_LITERAL_NULL_CONVERSION = YES;
				CLANG_WARN_OBJC_IMPLICIT_RETAIN_SELF = YES;
				CLANG_WARN_OBJC_LITERAL_CONVERSION = YES;
				CLANG_WARN_OBJC_ROOT_CLASS = YES_ERROR;
				CLANG_WARN_QUOTED_INCLUDE_IN_FRAMEWORK_HEADER = YES;
				CLANG_WARN_RANGE_LOOP_ANALYSIS = YES;
				CLANG_WARN_STRICT_PROTOTYPES = YES;
				CLANG_WARN_SUSPICIOUS_MOVE = YES;
				CLANG_WARN_UNGUARDED_AVAILABILITY = YES_AGGRESSIVE;
				CLANG_WARN_UNREACHABLE_CODE = YES;
				CLANG_WARN__DUPLICATE_METHOD_MATCH = YES;
				COPY_PHASE_STRIP = NO;
				DEBUG_INFORMATION_FORMAT = dwarf;
				DEVELOPMENT_TEAM = A46AH86Z73;
				ENABLE_STRICT_OBJC_MSGSEND = YES;
				ENABLE_TESTABILITY = YES;
				ENABLE_USER_SCRIPT_SANDBOXING = YES;
				GCC_C_LANGUAGE_STANDARD = gnu17;
				GCC_DYNAMIC_NO_PIC = NO;
				GCC_NO_COMMON_BLOCKS = YES;
				GCC_OPTIMIZATION_LEVEL = 0;
				GCC_PREPROCESSOR_DEFINITIONS = (
					"DEBUG=1",
					"$(inherited)",
				);
				GCC_WARN_64_TO_32_BIT_CONVERSION = YES;
				GCC_WARN_ABOUT_RETURN_TYPE = YES_ERROR;
				GCC_WARN_UNDECLARED_SELECTOR = YES;
				GCC_WARN_UNINITIALIZED_AUTOS = YES_AGGRESSIVE;
				GCC_WARN_UNUSED_FUNCTION = YES;
				GCC_WARN_UNUSED_VARIABLE = YES;
				IPHONEOS_DEPLOYMENT_TARGET = 18.5;
				LOCALIZATION_PREFERS_STRING_CATALOGS = YES;
				MTL_ENABLE_DEBUG_INFO = INCLUDE_SOURCE;
				MTL_FAST_MATH = YES;
				ONLY_ACTIVE_ARCH = YES;
				SDKROOT = iphoneos;
				SWIFT_ACTIVE_COMPILATION_CONDITIONS = "DEBUG $(inherited)";
				SWIFT_OPTIMIZATION_LEVEL = "-Onone";
			};
			name = Debug;
		};
		4F9D93262E14661700829250 /* Release */ = {
			isa = XCBuildConfiguration;
			buildSettings = {
				ALWAYS_SEARCH_USER_PATHS = NO;
				ASSETCATALOG_COMPILER_GENERATE_SWIFT_ASSET_SYMBOL_EXTENSIONS = YES;
				CLANG_ANALYZER_NONNULL = YES;
				CLANG_ANALYZER_NUMBER_OBJECT_CONVERSION = YES_AGGRESSIVE;
				CLANG_CXX_LANGUAGE_STANDARD = "gnu++20";
				CLANG_ENABLE_MODULES = YES;
				CLANG_ENABLE_OBJC_ARC = YES;
				CLANG_ENABLE_OBJC_WEAK = YES;
				CLANG_WARN_BLOCK_CAPTURE_AUTORELEASING = YES;
				CLANG_WARN_BOOL_CONVERSION = YES;
				CLANG_WARN_COMMA = YES;
				CLANG_WARN_CONSTANT_CONVERSION = YES;
				CLANG_WARN_DEPRECATED_OBJC_IMPLEMENTATIONS = YES;
				CLANG_WARN_DIRECT_OBJC_ISA_USAGE = YES_ERROR;
				CLANG_WARN_DOCUMENTATION_COMMENTS = YES;
				CLANG_WARN_EMPTY_BODY = YES;
				CLANG_WARN_ENUM_CONVERSION = YES;
				CLANG_WARN_INFINITE_RECURSION = YES;
				CLANG_WARN_INT_CONVERSION = YES;
				CLANG_WARN_NON_LITERAL_NULL_CONVERSION = YES;
				CLANG_WARN_OBJC_IMPLICIT_RETAIN_SELF = YES;
				CLANG_WARN_OBJC_LITERAL_CONVERSION = YES;
				CLANG_WARN_OBJC_ROOT_CLASS = YES_ERROR;
				CLANG_WARN_QUOTED_INCLUDE_IN_FRAMEWORK_HEADER = YES;
				CLANG_WARN_RANGE_LOOP_ANALYSIS = YES;
				CLANG_WARN_STRICT_PROTOTYPES = YES;
				CLANG_WARN_SUSPICIOUS_MOVE = YES;
				CLANG_WARN_UNGUARDED_AVAILABILITY = YES_AGGRESSIVE;
				CLANG_WARN_UNREACHABLE_CODE = YES;
				CLANG_WARN__DUPLICATE_METHOD_MATCH = YES;
				COPY_PHASE_STRIP = NO;
				DEBUG_INFORMATION_FORMAT = "dwarf-with-dsym";
				DEVELOPMENT_TEAM = A46AH86Z73;
				ENABLE_NS_ASSERTIONS = NO;
				ENABLE_STRICT_OBJC_MSGSEND = YES;
				ENABLE_USER_SCRIPT_SANDBOXING = YES;
				GCC_C_LANGUAGE_STANDARD = gnu17;
				GCC_NO_COMMON_BLOCKS = YES;
				GCC_WARN_64_TO_32_BIT_CONVERSION = YES;
				GCC_WARN_ABOUT_RETURN_TYPE = YES_ERROR;
				GCC_WARN_UNDECLARED_SELECTOR = YES;
				GCC_WARN_UNINITIALIZED_AUTOS = YES_AGGRESSIVE;
				GCC_WARN_UNUSED_FUNCTION = YES;
				GCC_WARN_UNUSED_VARIABLE = YES;
				IPHONEOS_DEPLOYMENT_TARGET = 18.5;
				LOCALIZATION_PREFERS_STRING_CATALOGS = YES;
				MTL_ENABLE_DEBUG_INFO = NO;
				MTL_FAST_MATH = YES;
				SDKROOT = iphoneos;
				SWIFT_COMPILATION_MODE = wholemodule;
				VALIDATE_PRODUCT = YES;
			};
			name = Release;
		};
		4F9D93282E14661700829250 /* Debug */ = {
			isa = XCBuildConfiguration;
			buildSettings = {
				ASSETCATALOG_COMPILER_APPICON_NAME = AppIcon;
				ASSETCATALOG_COMPILER_GLOBAL_ACCENT_COLOR_NAME = AccentColor;
				CODE_SIGN_ENTITLEMENTS = "Beyhive Alert 2/Beyhive Alert 2.entitlements";
				CODE_SIGN_STYLE = Automatic;
				CURRENT_PROJECT_VERSION = 6;
				DEVELOPMENT_TEAM = A46AH86Z73;
				ENABLE_PREVIEWS = YES;
				GENERATE_INFOPLIST_FILE = YES;
				INFOPLIST_FILE = "Beyhive-Alert-2-Info.plist";
				INFOPLIST_KEY_NSCalendarsUsageDescription = "This app needs access to your calendar to add Beyoncé tour events.";
				INFOPLIST_KEY_NSLocalNetworkUsageDescription = "This app needs local network access to connect to the push notification server.";
				INFOPLIST_KEY_NSLocationAlwaysAndWhenInUseUsageDescription = "This app may use your location to show nearby tour events and provide location-based notifications.";
				INFOPLIST_KEY_NSLocationWhenInUseUsageDescription = "This app may use your location to show nearby tour events and provide location-based notifications.";
				INFOPLIST_KEY_UIApplicationSceneManifest_Generation = YES;
				INFOPLIST_KEY_UIApplicationSupportsIndirectInputEvents = YES;
				INFOPLIST_KEY_UILaunchScreen_Generation = YES;
				INFOPLIST_KEY_UISupportedInterfaceOrientations_iPad = "UIInterfaceOrientationPortrait UIInterfaceOrientationPortraitUpsideDown UIInterfaceOrientationLandscapeLeft UIInterfaceOrientationLandscapeRight";
				INFOPLIST_KEY_UISupportedInterfaceOrientations_iPhone = "UIInterfaceOrientationPortrait UIInterfaceOrientationLandscapeLeft UIInterfaceOrientationLandscapeRight";
				LD_RUNPATH_SEARCH_PATHS = (
					"$(inherited)",
					"@executable_path/Frameworks",
				);
				MARKETING_VERSION = 2.1;
				PRODUCT_BUNDLE_IDENTIFIER = "com.chasedavis.Beyhive-Alert-2";
				PRODUCT_NAME = "$(TARGET_NAME)";
				SUPPORTED_PLATFORMS = "iphoneos iphonesimulator";
				SUPPORTS_MACCATALYST = NO;
				SUPPORTS_XR_DESIGNED_FOR_IPHONE_IPAD = NO;
				SWIFT_EMIT_LOC_STRINGS = YES;
				SWIFT_VERSION = 5.0;
				TARGETED_DEVICE_FAMILY = "1,2";
			};
			name = Debug;
		};
		4F9D93292E14661700829250 /* Release */ = {
			isa = XCBuildConfiguration;
			buildSettings = {
				ASSETCATALOG_COMPILER_APPICON_NAME = AppIcon;
				ASSETCATALOG_COMPILER_GLOBAL_ACCENT_COLOR_NAME = AccentColor;
				CODE_SIGN_ENTITLEMENTS = "Beyhive Alert 2/Beyhive Alert 2.entitlements";
				CODE_SIGN_STYLE = Automatic;
				CURRENT_PROJECT_VERSION = 6;
				DEVELOPMENT_TEAM = A46AH86Z73;
				ENABLE_PREVIEWS = YES;
				GENERATE_INFOPLIST_FILE = YES;
				INFOPLIST_FILE = "Beyhive-Alert-2-Info.plist";
				INFOPLIST_KEY_NSCalendarsUsageDescription = "This app needs access to your calendar to add Beyoncé tour events.";
				INFOPLIST_KEY_NSLocalNetworkUsageDescription = "This app needs local network access to connect to the push notification server.";
				INFOPLIST_KEY_NSLocationAlwaysAndWhenInUseUsageDescription = "This app may use your location to show nearby tour events and provide location-based notifications.";
				INFOPLIST_KEY_NSLocationWhenInUseUsageDescription = "This app may use your location to show nearby tour events and provide location-based notifications.";
				INFOPLIST_KEY_UIApplicationSceneManifest_Generation = YES;
				INFOPLIST_KEY_UIApplicationSupportsIndirectInputEvents = YES;
				INFOPLIST_KEY_UILaunchScreen_Generation = YES;
				INFOPLIST_KEY_UISupportedInterfaceOrientations_iPad = "UIInterfaceOrientationPortrait UIInterfaceOrientationPortraitUpsideDown UIInterfaceOrientationLandscapeLeft UIInterfaceOrientationLandscapeRight";
				INFOPLIST_KEY_UISupportedInterfaceOrientations_iPhone = "UIInterfaceOrientationPortrait UIInterfaceOrientationLandscapeLeft UIInterfaceOrientationLandscapeRight";
				LD_RUNPATH_SEARCH_PATHS = (
					"$(inherited)",
					"@executable_path/Frameworks",
				);
				MARKETING_VERSION = 2.1;
				PRODUCT_BUNDLE_IDENTIFIER = "com.chasedavis.Beyhive-Alert-2";
				PRODUCT_NAME = "$(TARGET_NAME)";
				SUPPORTED_PLATFORMS = "iphoneos iphonesimulator";
				SUPPORTS_MACCATALYST = NO;
				SUPPORTS_XR_DESIGNED_FOR_IPHONE_IPAD = NO;
				SWIFT_EMIT_LOC_STRINGS = YES;
				SWIFT_VERSION = 5.0;
				TARGETED_DEVICE_FAMILY = "1,2";
			};
			name = Release;
		};
		4F9D932B2E14661700829250 /* Debug */ = {
			isa = XCBuildConfiguration;
			buildSettings = {
				BUNDLE_LOADER = "$(TEST_HOST)";
				CODE_SIGN_STYLE = Automatic;
				CURRENT_PROJECT_VERSION = 1;
				DEVELOPMENT_TEAM = A46AH86Z73;
				GENERATE_INFOPLIST_FILE = YES;
				IPHONEOS_DEPLOYMENT_TARGET = 18.5;
				MARKETING_VERSION = 1.0;
				PRODUCT_BUNDLE_IDENTIFIER = "com.chasedavis.Beyhive-Alert-2Tests";
				PRODUCT_NAME = "$(TARGET_NAME)";
				SWIFT_EMIT_LOC_STRINGS = NO;
				SWIFT_VERSION = 5.0;
				TARGETED_DEVICE_FAMILY = "1,2";
				TEST_HOST = "$(BUILT_PRODUCTS_DIR)/Beyhive Alert 2.app/$(BUNDLE_EXECUTABLE_FOLDER_PATH)/Beyhive Alert 2";
			};
			name = Debug;
		};
		4F9D932C2E14661700829250 /* Release */ = {
			isa = XCBuildConfiguration;
			buildSettings = {
				BUNDLE_LOADER = "$(TEST_HOST)";
				CODE_SIGN_STYLE = Automatic;
				CURRENT_PROJECT_VERSION = 1;
				DEVELOPMENT_TEAM = A46AH86Z73;
				GENERATE_INFOPLIST_FILE = YES;
				IPHONEOS_DEPLOYMENT_TARGET = 18.5;
				MARKETING_VERSION = 1.0;
				PRODUCT_BUNDLE_IDENTIFIER = "com.chasedavis.Beyhive-Alert-2Tests";
				PRODUCT_NAME = "$(TARGET_NAME)";
				SWIFT_EMIT_LOC_STRINGS = NO;
				SWIFT_VERSION = 5.0;
				TARGETED_DEVICE_FAMILY = "1,2";
				TEST_HOST = "$(BUILT_PRODUCTS_DIR)/Beyhive Alert 2.app/$(BUNDLE_EXECUTABLE_FOLDER_PATH)/Beyhive Alert 2";
			};
			name = Release;
		};
		4F9D932E2E14661700829250 /* Debug */ = {
			isa = XCBuildConfiguration;
			buildSettings = {
				CODE_SIGN_STYLE = Automatic;
				CURRENT_PROJECT_VERSION = 1;
				DEVELOPMENT_TEAM = A46AH86Z73;
				GENERATE_INFOPLIST_FILE = YES;
				MARKETING_VERSION = 1.0;
				PRODUCT_BUNDLE_IDENTIFIER = "com.chasedavis.Beyhive-Alert-2UITests";
				PRODUCT_NAME = "$(TARGET_NAME)";
				SWIFT_EMIT_LOC_STRINGS = NO;
				SWIFT_VERSION = 5.0;
				TARGETED_DEVICE_FAMILY = "1,2";
				TEST_TARGET_NAME = "Beyhive Alert 2";
			};
			name = Debug;
		};
		4F9D932F2E14661700829250 /* Release */ = {
			isa = XCBuildConfiguration;
			buildSettings = {
				CODE_SIGN_STYLE = Automatic;
				CURRENT_PROJECT_VERSION = 1;
				DEVELOPMENT_TEAM = A46AH86Z73;
				GENERATE_INFOPLIST_FILE = YES;
				MARKETING_VERSION = 1.0;
				PRODUCT_BUNDLE_IDENTIFIER = "com.chasedavis.Beyhive-Alert-2UITests";
				PRODUCT_NAME = "$(TARGET_NAME)";
				SWIFT_EMIT_LOC_STRINGS = NO;
				SWIFT_VERSION = 5.0;
				TARGETED_DEVICE_FAMILY = "1,2";
				TEST_TARGET_NAME = "Beyhive Alert 2";
			};
			name = Release;
		};
/* End XCBuildConfiguration section */

/* Begin XCConfigurationList section */
		4F9D93012E14661600829250 /* Build configuration list for PBXProject "Beyhive Alert 2" */ = {
			isa = XCConfigurationList;
			buildConfigurations = (
				4F9D93252E14661700829250 /* Debug */,
				4F9D93262E14661700829250 /* Release */,
			);
			defaultConfigurationIsVisible = 0;
			defaultConfigurationName = Release;
		};
		4F9D93272E14661700829250 /* Build configuration list for PBXNativeTarget "Beyhive Alert 2" */ = {
			isa = XCConfigurationList;
			buildConfigurations = (
				4F9D93282E14661700829250 /* Debug */,
				4F9D93292E14661700829250 /* Release */,
			);
			defaultConfigurationIsVisible = 0;
			defaultConfigurationName = Release;
		};
		4F9D932A2E14661700829250 /* Build configuration list for PBXNativeTarget "Beyhive Alert 2Tests" */ = {
			isa = XCConfigurationList;
			buildConfigurations = (
				4F9D932B2E14661700829250 /* Debug */,
				4F9D932C2E14661700829250 /* Release */,
			);
			defaultConfigurationIsVisible = 0;
			defaultConfigurationName = Release;
		};
		4F9D932D2E14661700829250 /* Build configuration list for PBXNativeTarget "Beyhive Alert 2UITests" */ = {
			isa = XCConfigurationList;
			buildConfigurations = (
				4F9D932E2E14661700829250 /* Debug */,
				4F9D932F2E14661700829250 /* Release */,
			);
			defaultConfigurationIsVisible = 0;
			defaultConfigurationName = Release;
		};
/* End XCConfigurationList section */
	};
	rootObject = 4F9D92FE2E14661600829250 /* Project object */;
}
